// !$*UTF8*$!
{
	archiveVersion = 1;
	classes = {
	};
	objectVersion = 48;
	objects = {

/* Begin PBXBuildFile section */
		D76076B820B815FA0019E1D3 /* AppDelegate.swift in Sources */ = {isa = PBXBuildFile; fileRef = D76076B720B815FA0019E1D3 /* AppDelegate.swift */; };
		D76076BD20B815FA0019E1D3 /* Main.storyboard in Resources */ = {isa = PBXBuildFile; fileRef = D76076BB20B815FA0019E1D3 /* Main.storyboard */; };
		D76076BF20B815FA0019E1D3 /* Assets.xcassets in Resources */ = {isa = PBXBuildFile; fileRef = D76076BE20B815FA0019E1D3 /* Assets.xcassets */; };
		D76076C220B815FA0019E1D3 /* LaunchScreen.storyboard in Resources */ = {isa = PBXBuildFile; fileRef = D76076C020B815FA0019E1D3 /* LaunchScreen.storyboard */; };
		D7610C9F20A2A5220036BC44 /* AppDelegate.m in Sources */ = {isa = PBXBuildFile; fileRef = D7610C9E20A2A5220036BC44 /* AppDelegate.m */; };
		D7610CA720A2A5220036BC44 /* Assets.xcassets in Resources */ = {isa = PBXBuildFile; fileRef = D7610CA620A2A5220036BC44 /* Assets.xcassets */; };
		D7610CAA20A2A5220036BC44 /* LaunchScreen.storyboard in Resources */ = {isa = PBXBuildFile; fileRef = D7610CA820A2A5220036BC44 /* LaunchScreen.storyboard */; };
		D7610CAD20A2A5220036BC44 /* main.m in Sources */ = {isa = PBXBuildFile; fileRef = D7610CAC20A2A5220036BC44 /* main.m */; };
		D7610CB720A2A86F0036BC44 /* Foundation.framework in Frameworks */ = {isa = PBXBuildFile; fileRef = D7610CB620A2A86F0036BC44 /* Foundation.framework */; };
		D7610CB920A2A8780036BC44 /* CoreGraphics.framework in Frameworks */ = {isa = PBXBuildFile; fileRef = D7610CB820A2A8780036BC44 /* CoreGraphics.framework */; };
		D7610CBB20A2A8810036BC44 /* UIKit.framework in Frameworks */ = {isa = PBXBuildFile; fileRef = D7610CBA20A2A8810036BC44 /* UIKit.framework */; };
		D7F3197E20B940F2005B2107 /* PhotoGalleryViewController.swift in Sources */ = {isa = PBXBuildFile; fileRef = D7F3197D20B940F2005B2107 /* PhotoGalleryViewController.swift */; };
		D7F3198020B941F4005B2107 /* GalleryItem.swift in Sources */ = {isa = PBXBuildFile; fileRef = D7F3197F20B941F4005B2107 /* GalleryItem.swift */; };
		D7F3198220B942D7005B2107 /* GalleryStore.swift in Sources */ = {isa = PBXBuildFile; fileRef = D7F3198120B942D7005B2107 /* GalleryStore.swift */; };
		D7F3198520B943C2005B2107 /* LRConnection.framework in Frameworks */ = {isa = PBXBuildFile; fileRef = D7F3198420B943C2005B2107 /* LRConnection.framework */; };
		D7F3198620B943C2005B2107 /* LRConnection.framework in Embed Frameworks */ = {isa = PBXBuildFile; fileRef = D7F3198420B943C2005B2107 /* LRConnection.framework */; settings = {ATTRIBUTES = (CodeSignOnCopy, RemoveHeadersOnCopy, ); }; };
		D7F3198920B961E3005B2107 /* GalleryItemCell.swift in Sources */ = {isa = PBXBuildFile; fileRef = D7F3198820B961E3005B2107 /* GalleryItemCell.swift */; };
		D7F82F8F20B508CF00E2EC37 /* LRPhotoGalleryViewController.m in Sources */ = {isa = PBXBuildFile; fileRef = D7F82F8E20B508CF00E2EC37 /* LRPhotoGalleryViewController.m */; };
		D7F82F9420B5092300E2EC37 /* LRGalleryItemCell.m in Sources */ = {isa = PBXBuildFile; fileRef = D7F82F9220B5092300E2EC37 /* LRGalleryItemCell.m */; };
		D7F82F9520B5092300E2EC37 /* LRGalleryItemCell.xib in Resources */ = {isa = PBXBuildFile; fileRef = D7F82F9320B5092300E2EC37 /* LRGalleryItemCell.xib */; };
		D7F82F9920B5095200E2EC37 /* LRGalleryItem.m in Sources */ = {isa = PBXBuildFile; fileRef = D7F82F9820B5095200E2EC37 /* LRGalleryItem.m */; };
		D7F82FA020B50ACE00E2EC37 /* LRGalleryStore.m in Sources */ = {isa = PBXBuildFile; fileRef = D7F82F9F20B50ACE00E2EC37 /* LRGalleryStore.m */; };
		D7F82FA220B5118200E2EC37 /* LRConnection.framework in Frameworks */ = {isa = PBXBuildFile; fileRef = D7F82FA120B5118200E2EC37 /* LRConnection.framework */; };
		D7F82FA320B5118200E2EC37 /* LRConnection.framework in Embed Frameworks */ = {isa = PBXBuildFile; fileRef = D7F82FA120B5118200E2EC37 /* LRConnection.framework */; settings = {ATTRIBUTES = (CodeSignOnCopy, RemoveHeadersOnCopy, ); }; };
/* End PBXBuildFile section */

/* Begin PBXCopyFilesBuildPhase section */
		D7F3198720B943C2005B2107 /* Embed Frameworks */ = {
			isa = PBXCopyFilesBuildPhase;
			buildActionMask = 2147483647;
			dstPath = "";
			dstSubfolderSpec = 10;
			files = (
				D7F3198620B943C2005B2107 /* LRConnection.framework in Embed Frameworks */,
			);
			name = "Embed Frameworks";
			runOnlyForDeploymentPostprocessing = 0;
		};
		D7F82FA420B5118200E2EC37 /* Embed Frameworks */ = {
			isa = PBXCopyFilesBuildPhase;
			buildActionMask = 2147483647;
			dstPath = "";
			dstSubfolderSpec = 10;
			files = (
				D7F82FA320B5118200E2EC37 /* LRConnection.framework in Embed Frameworks */,
			);
			name = "Embed Frameworks";
			runOnlyForDeploymentPostprocessing = 0;
		};
/* End PBXCopyFilesBuildPhase section */

/* Begin PBXFileReference section */
		D76076B520B815FA0019E1D3 /* LRConnectionExample(Swift).app */ = {isa = PBXFileReference; explicitFileType = wrapper.application; includeInIndex = 0; path = "LRConnectionExample(Swift).app"; sourceTree = BUILT_PRODUCTS_DIR; };
		D76076B720B815FA0019E1D3 /* AppDelegate.swift */ = {isa = PBXFileReference; lastKnownFileType = sourcecode.swift; path = AppDelegate.swift; sourceTree = "<group>"; };
		D76076BC20B815FA0019E1D3 /* Base */ = {isa = PBXFileReference; lastKnownFileType = file.storyboard; name = Base; path = Base.lproj/Main.storyboard; sourceTree = "<group>"; };
		D76076BE20B815FA0019E1D3 /* Assets.xcassets */ = {isa = PBXFileReference; lastKnownFileType = folder.assetcatalog; path = Assets.xcassets; sourceTree = "<group>"; };
		D76076C120B815FA0019E1D3 /* Base */ = {isa = PBXFileReference; lastKnownFileType = file.storyboard; name = Base; path = Base.lproj/LaunchScreen.storyboard; sourceTree = "<group>"; };
		D76076C320B815FA0019E1D3 /* Info.plist */ = {isa = PBXFileReference; lastKnownFileType = text.plist.xml; path = Info.plist; sourceTree = "<group>"; };
		D7610C9A20A2A5220036BC44 /* LRConnectionExample.app */ = {isa = PBXFileReference; explicitFileType = wrapper.application; includeInIndex = 0; path = LRConnectionExample.app; sourceTree = BUILT_PRODUCTS_DIR; };
		D7610C9D20A2A5220036BC44 /* AppDelegate.h */ = {isa = PBXFileReference; lastKnownFileType = sourcecode.c.h; path = AppDelegate.h; sourceTree = "<group>"; };
		D7610C9E20A2A5220036BC44 /* AppDelegate.m */ = {isa = PBXFileReference; lastKnownFileType = sourcecode.c.objc; path = AppDelegate.m; sourceTree = "<group>"; };
		D7610CA620A2A5220036BC44 /* Assets.xcassets */ = {isa = PBXFileReference; lastKnownFileType = folder.assetcatalog; path = Assets.xcassets; sourceTree = "<group>"; };
		D7610CA920A2A5220036BC44 /* Base */ = {isa = PBXFileReference; lastKnownFileType = file.storyboard; name = Base; path = Base.lproj/LaunchScreen.storyboard; sourceTree = "<group>"; };
		D7610CAB20A2A5220036BC44 /* Info.plist */ = {isa = PBXFileReference; lastKnownFileType = text.plist.xml; path = Info.plist; sourceTree = "<group>"; };
		D7610CAC20A2A5220036BC44 /* main.m */ = {isa = PBXFileReference; lastKnownFileType = sourcecode.c.objc; path = main.m; sourceTree = "<group>"; };
		D7610CB620A2A86F0036BC44 /* Foundation.framework */ = {isa = PBXFileReference; lastKnownFileType = wrapper.framework; name = Foundation.framework; path = System/Library/Frameworks/Foundation.framework; sourceTree = SDKROOT; };
		D7610CB820A2A8780036BC44 /* CoreGraphics.framework */ = {isa = PBXFileReference; lastKnownFileType = wrapper.framework; name = CoreGraphics.framework; path = System/Library/Frameworks/CoreGraphics.framework; sourceTree = SDKROOT; };
		D7610CBA20A2A8810036BC44 /* UIKit.framework */ = {isa = PBXFileReference; lastKnownFileType = wrapper.framework; name = UIKit.framework; path = System/Library/Frameworks/UIKit.framework; sourceTree = SDKROOT; };
		D7F3197D20B940F2005B2107 /* PhotoGalleryViewController.swift */ = {isa = PBXFileReference; lastKnownFileType = sourcecode.swift; path = PhotoGalleryViewController.swift; sourceTree = "<group>"; };
		D7F3197F20B941F4005B2107 /* GalleryItem.swift */ = {isa = PBXFileReference; lastKnownFileType = sourcecode.swift; path = GalleryItem.swift; sourceTree = "<group>"; };
		D7F3198120B942D7005B2107 /* GalleryStore.swift */ = {isa = PBXFileReference; lastKnownFileType = sourcecode.swift; path = GalleryStore.swift; sourceTree = "<group>"; };
		D7F3198420B943C2005B2107 /* LRConnection.framework */ = {isa = PBXFileReference; lastKnownFileType = wrapper.framework; path = LRConnection.framework; sourceTree = "<group>"; };
		D7F3198820B961E3005B2107 /* GalleryItemCell.swift */ = {isa = PBXFileReference; lastKnownFileType = sourcecode.swift; path = GalleryItemCell.swift; sourceTree = "<group>"; };
		D7F82F8D20B508CF00E2EC37 /* LRPhotoGalleryViewController.h */ = {isa = PBXFileReference; lastKnownFileType = sourcecode.c.h; path = LRPhotoGalleryViewController.h; sourceTree = "<group>"; };
		D7F82F8E20B508CF00E2EC37 /* LRPhotoGalleryViewController.m */ = {isa = PBXFileReference; lastKnownFileType = sourcecode.c.objc; path = LRPhotoGalleryViewController.m; sourceTree = "<group>"; };
		D7F82F9120B5092300E2EC37 /* LRGalleryItemCell.h */ = {isa = PBXFileReference; lastKnownFileType = sourcecode.c.h; path = LRGalleryItemCell.h; sourceTree = "<group>"; };
		D7F82F9220B5092300E2EC37 /* LRGalleryItemCell.m */ = {isa = PBXFileReference; lastKnownFileType = sourcecode.c.objc; path = LRGalleryItemCell.m; sourceTree = "<group>"; };
		D7F82F9320B5092300E2EC37 /* LRGalleryItemCell.xib */ = {isa = PBXFileReference; lastKnownFileType = file.xib; path = LRGalleryItemCell.xib; sourceTree = "<group>"; };
		D7F82F9720B5095200E2EC37 /* LRGalleryItem.h */ = {isa = PBXFileReference; lastKnownFileType = sourcecode.c.h; path = LRGalleryItem.h; sourceTree = "<group>"; };
		D7F82F9820B5095200E2EC37 /* LRGalleryItem.m */ = {isa = PBXFileReference; lastKnownFileType = sourcecode.c.objc; path = LRGalleryItem.m; sourceTree = "<group>"; };
		D7F82F9E20B50ACE00E2EC37 /* LRGalleryStore.h */ = {isa = PBXFileReference; lastKnownFileType = sourcecode.c.h; path = LRGalleryStore.h; sourceTree = "<group>"; };
		D7F82F9F20B50ACE00E2EC37 /* LRGalleryStore.m */ = {isa = PBXFileReference; lastKnownFileType = sourcecode.c.objc; path = LRGalleryStore.m; sourceTree = "<group>"; };
		D7F82FA120B5118200E2EC37 /* LRConnection.framework */ = {isa = PBXFileReference; lastKnownFileType = wrapper.framework; path = LRConnection.framework; sourceTree = "<group>"; };
/* End PBXFileReference section */

/* Begin PBXFrameworksBuildPhase section */
		D76076B220B815FA0019E1D3 /* Frameworks */ = {
			isa = PBXFrameworksBuildPhase;
			buildActionMask = 2147483647;
			files = (
				D7F3198520B943C2005B2107 /* LRConnection.framework in Frameworks */,
			);
			runOnlyForDeploymentPostprocessing = 0;
		};
		D7610C9720A2A5220036BC44 /* Frameworks */ = {
			isa = PBXFrameworksBuildPhase;
			buildActionMask = 2147483647;
			files = (
				D7F82FA220B5118200E2EC37 /* LRConnection.framework in Frameworks */,
				D7610CBB20A2A8810036BC44 /* UIKit.framework in Frameworks */,
				D7610CB920A2A8780036BC44 /* CoreGraphics.framework in Frameworks */,
				D7610CB720A2A86F0036BC44 /* Foundation.framework in Frameworks */,
			);
			runOnlyForDeploymentPostprocessing = 0;
		};
/* End PBXFrameworksBuildPhase section */

/* Begin PBXGroup section */
		D76076B620B815FA0019E1D3 /* LRConnectionExample(Swift) */ = {
			isa = PBXGroup;
			children = (
				D76076B720B815FA0019E1D3 /* AppDelegate.swift */,
				D7F3197D20B940F2005B2107 /* PhotoGalleryViewController.swift */,
				D7F3198820B961E3005B2107 /* GalleryItemCell.swift */,
				D7F3197F20B941F4005B2107 /* GalleryItem.swift */,
				D7F3198120B942D7005B2107 /* GalleryStore.swift */,
				D76076BB20B815FA0019E1D3 /* Main.storyboard */,
				D76076C720B816180019E1D3 /* Supporting Files */,
			);
			path = "LRConnectionExample(Swift)";
			sourceTree = "<group>";
		};
		D76076C720B816180019E1D3 /* Supporting Files */ = {
			isa = PBXGroup;
			children = (
				D76076BE20B815FA0019E1D3 /* Assets.xcassets */,
				D76076C320B815FA0019E1D3 /* Info.plist */,
				D76076C020B815FA0019E1D3 /* LaunchScreen.storyboard */,
			);
			name = "Supporting Files";
			sourceTree = "<group>";
		};
		D7610C9120A2A5220036BC44 = {
			isa = PBXGroup;
			children = (
				D7610C9C20A2A5220036BC44 /* LRConnectionExample */,
				D76076B620B815FA0019E1D3 /* LRConnectionExample(Swift) */,
				D7610CB520A2A8550036BC44 /* Frameworks */,
				D7F3198320B9439A005B2107 /* Frameworks(Swift) */,
				D7610C9B20A2A5220036BC44 /* Products */,
			);
			sourceTree = "<group>";
		};
		D7610C9B20A2A5220036BC44 /* Products */ = {
			isa = PBXGroup;
			children = (
				D7610C9A20A2A5220036BC44 /* LRConnectionExample.app */,
				D76076B520B815FA0019E1D3 /* LRConnectionExample(Swift).app */,
			);
			name = Products;
			sourceTree = "<group>";
		};
		D7610C9C20A2A5220036BC44 /* LRConnectionExample */ = {
			isa = PBXGroup;
			children = (
				D7F82F8C20B5087E00E2EC37 /* ViewControllers */,
				D7F82F9020B508DA00E2EC37 /* Views */,
				D7F82F9620B5093000E2EC37 /* Models */,
				D7F82F9A20B5096B00E2EC37 /* Repositories */,
				D7610C9D20A2A5220036BC44 /* AppDelegate.h */,
				D7610C9E20A2A5220036BC44 /* AppDelegate.m */,
				D7610CB420A2A7DC0036BC44 /* Supporting Files */,
			);
			path = LRConnectionExample;
			sourceTree = "<group>";
		};
		D7610CB420A2A7DC0036BC44 /* Supporting Files */ = {
			isa = PBXGroup;
			children = (
				D7610CA620A2A5220036BC44 /* Assets.xcassets */,
				D7610CAB20A2A5220036BC44 /* Info.plist */,
				D7610CAC20A2A5220036BC44 /* main.m */,
				D7610CA820A2A5220036BC44 /* LaunchScreen.storyboard */,
			);
			name = "Supporting Files";
			sourceTree = "<group>";
		};
		D7610CB520A2A8550036BC44 /* Frameworks */ = {
			isa = PBXGroup;
			children = (
				D7F82FA120B5118200E2EC37 /* LRConnection.framework */,
				D7610CBA20A2A8810036BC44 /* UIKit.framework */,
				D7610CB820A2A8780036BC44 /* CoreGraphics.framework */,
				D7610CB620A2A86F0036BC44 /* Foundation.framework */,
			);
			name = Frameworks;
			sourceTree = "<group>";
		};
		D7F3198320B9439A005B2107 /* Frameworks(Swift) */ = {
			isa = PBXGroup;
			children = (
				D7F3198420B943C2005B2107 /* LRConnection.framework */,
			);
			name = "Frameworks(Swift)";
			sourceTree = "<group>";
		};
		D7F82F8C20B5087E00E2EC37 /* ViewControllers */ = {
			isa = PBXGroup;
			children = (
				D7F82F8D20B508CF00E2EC37 /* LRPhotoGalleryViewController.h */,
				D7F82F8E20B508CF00E2EC37 /* LRPhotoGalleryViewController.m */,
			);
			path = ViewControllers;
			sourceTree = "<group>";
		};
		D7F82F9020B508DA00E2EC37 /* Views */ = {
			isa = PBXGroup;
			children = (
				D7F82F9120B5092300E2EC37 /* LRGalleryItemCell.h */,
				D7F82F9220B5092300E2EC37 /* LRGalleryItemCell.m */,
				D7F82F9320B5092300E2EC37 /* LRGalleryItemCell.xib */,
			);
			path = Views;
			sourceTree = "<group>";
		};
		D7F82F9620B5093000E2EC37 /* Models */ = {
			isa = PBXGroup;
			children = (
				D7F82F9720B5095200E2EC37 /* LRGalleryItem.h */,
				D7F82F9820B5095200E2EC37 /* LRGalleryItem.m */,
			);
			path = Models;
			sourceTree = "<group>";
		};
		D7F82F9A20B5096B00E2EC37 /* Repositories */ = {
			isa = PBXGroup;
			children = (
				D7F82F9E20B50ACE00E2EC37 /* LRGalleryStore.h */,
				D7F82F9F20B50ACE00E2EC37 /* LRGalleryStore.m */,
			);
			path = Repositories;
			sourceTree = "<group>";
		};
/* End PBXGroup section */

/* Begin PBXNativeTarget section */
		D76076B420B815FA0019E1D3 /* LRConnectionExample(Swift) */ = {
			isa = PBXNativeTarget;
			buildConfigurationList = D76076C620B815FA0019E1D3 /* Build configuration list for PBXNativeTarget "LRConnectionExample(Swift)" */;
			buildPhases = (
				D76076B120B815FA0019E1D3 /* Sources */,
				D76076B220B815FA0019E1D3 /* Frameworks */,
				D76076B320B815FA0019E1D3 /* Resources */,
				D7F3198720B943C2005B2107 /* Embed Frameworks */,
			);
			buildRules = (
			);
			dependencies = (
			);
			name = "LRConnectionExample(Swift)";
			productName = "LRConnectionExample(Swift)";
			productReference = D76076B520B815FA0019E1D3 /* LRConnectionExample(Swift).app */;
			productType = "com.apple.product-type.application";
		};
		D7610C9920A2A5220036BC44 /* LRConnectionExample */ = {
			isa = PBXNativeTarget;
			buildConfigurationList = D7610CB020A2A5220036BC44 /* Build configuration list for PBXNativeTarget "LRConnectionExample" */;
			buildPhases = (
				D7610C9620A2A5220036BC44 /* Sources */,
				D7610C9720A2A5220036BC44 /* Frameworks */,
				D7610C9820A2A5220036BC44 /* Resources */,
				D7F82FA420B5118200E2EC37 /* Embed Frameworks */,
			);
			buildRules = (
			);
			dependencies = (
			);
			name = LRConnectionExample;
			productName = LRConnection;
			productReference = D7610C9A20A2A5220036BC44 /* LRConnectionExample.app */;
			productType = "com.apple.product-type.application";
		};
/* End PBXNativeTarget section */

/* Begin PBXProject section */
		D7610C9220A2A5220036BC44 /* Project object */ = {
			isa = PBXProject;
			attributes = {
				CLASSPREFIX = LR;
				LastSwiftUpdateCheck = 0920;
				LastUpgradeCheck = 0940;
				ORGANIZATIONNAME = tomrlq;
				TargetAttributes = {
					D76076B420B815FA0019E1D3 = {
						CreatedOnToolsVersion = 9.2;
						ProvisioningStyle = Automatic;
					};
					D7610C9920A2A5220036BC44 = {
						CreatedOnToolsVersion = 9.2;
						ProvisioningStyle = Automatic;
					};
				};
			};
			buildConfigurationList = D7610C9520A2A5220036BC44 /* Build configuration list for PBXProject "LRConnectionExample" */;
			compatibilityVersion = "Xcode 8.0";
			developmentRegion = en;
			hasScannedForEncodings = 0;
			knownRegions = (
				en,
				Base,
			);
			mainGroup = D7610C9120A2A5220036BC44;
			productRefGroup = D7610C9B20A2A5220036BC44 /* Products */;
			projectDirPath = "";
			projectRoot = "";
			targets = (
				D7610C9920A2A5220036BC44 /* LRConnectionExample */,
				D76076B420B815FA0019E1D3 /* LRConnectionExample(Swift) */,
			);
		};
/* End PBXProject section */

/* Begin PBXResourcesBuildPhase section */
		D76076B320B815FA0019E1D3 /* Resources */ = {
			isa = PBXResourcesBuildPhase;
			buildActionMask = 2147483647;
			files = (
				D76076C220B815FA0019E1D3 /* LaunchScreen.storyboard in Resources */,
				D76076BF20B815FA0019E1D3 /* Assets.xcassets in Resources */,
				D76076BD20B815FA0019E1D3 /* Main.storyboard in Resources */,
			);
			runOnlyForDeploymentPostprocessing = 0;
		};
		D7610C9820A2A5220036BC44 /* Resources */ = {
			isa = PBXResourcesBuildPhase;
			buildActionMask = 2147483647;
			files = (
				D7F82F9520B5092300E2EC37 /* LRGalleryItemCell.xib in Resources */,
				D7610CAA20A2A5220036BC44 /* LaunchScreen.storyboard in Resources */,
				D7610CA720A2A5220036BC44 /* Assets.xcassets in Resources */,
			);
			runOnlyForDeploymentPostprocessing = 0;
		};
/* End PBXResourcesBuildPhase section */

/* Begin PBXSourcesBuildPhase section */
		D76076B120B815FA0019E1D3 /* Sources */ = {
			isa = PBXSourcesBuildPhase;
			buildActionMask = 2147483647;
			files = (
				D7F3197E20B940F2005B2107 /* PhotoGalleryViewController.swift in Sources */,
				D76076B820B815FA0019E1D3 /* AppDelegate.swift in Sources */,
				D7F3198220B942D7005B2107 /* GalleryStore.swift in Sources */,
				D7F3198920B961E3005B2107 /* GalleryItemCell.swift in Sources */,
				D7F3198020B941F4005B2107 /* GalleryItem.swift in Sources */,
			);
			runOnlyForDeploymentPostprocessing = 0;
		};
		D7610C9620A2A5220036BC44 /* Sources */ = {
			isa = PBXSourcesBuildPhase;
			buildActionMask = 2147483647;
			files = (
				D7F82F9920B5095200E2EC37 /* LRGalleryItem.m in Sources */,
				D7610CAD20A2A5220036BC44 /* main.m in Sources */,
				D7F82FA020B50ACE00E2EC37 /* LRGalleryStore.m in Sources */,
				D7610C9F20A2A5220036BC44 /* AppDelegate.m in Sources */,
				D7F82F8F20B508CF00E2EC37 /* LRPhotoGalleryViewController.m in Sources */,
				D7F82F9420B5092300E2EC37 /* LRGalleryItemCell.m in Sources */,
			);
			runOnlyForDeploymentPostprocessing = 0;
		};
/* End PBXSourcesBuildPhase section */

/* Begin PBXVariantGroup section */
		D76076BB20B815FA0019E1D3 /* Main.storyboard */ = {
			isa = PBXVariantGroup;
			children = (
				D76076BC20B815FA0019E1D3 /* Base */,
			);
			name = Main.storyboard;
			sourceTree = "<group>";
		};
		D76076C020B815FA0019E1D3 /* LaunchScreen.storyboard */ = {
			isa = PBXVariantGroup;
			children = (
				D76076C120B815FA0019E1D3 /* Base */,
			);
			name = LaunchScreen.storyboard;
			sourceTree = "<group>";
		};
		D7610CA820A2A5220036BC44 /* LaunchScreen.storyboard */ = {
			isa = PBXVariantGroup;
			children = (
				D7610CA920A2A5220036BC44 /* Base */,
			);
			name = LaunchScreen.storyboard;
			sourceTree = "<group>";
		};
/* End PBXVariantGroup section */

/* Begin XCBuildConfiguration section */
		D76076C420B815FA0019E1D3 /* Debug */ = {
			isa = XCBuildConfiguration;
			buildSettings = {
				ASSETCATALOG_COMPILER_APPICON_NAME = AppIcon;
				CODE_SIGN_STYLE = Automatic;
				DEVELOPMENT_TEAM = 43FVVDGE72;
				FRAMEWORK_SEARCH_PATHS = (
					"$(inherited)",
					"$(PROJECT_DIR)",
				);
				INFOPLIST_FILE = "LRConnectionExample(Swift)/Info.plist";
				IPHONEOS_DEPLOYMENT_TARGET = 8.0;
				LD_RUNPATH_SEARCH_PATHS = "$(inherited) @executable_path/Frameworks";
				PRODUCT_BUNDLE_IDENTIFIER = "io.github.tomrlq.LRConnectionExample-Swift-";
				PRODUCT_NAME = "$(TARGET_NAME)";
				SWIFT_ACTIVE_COMPILATION_CONDITIONS = DEBUG;
				SWIFT_OPTIMIZATION_LEVEL = "-Onone";
				SWIFT_VERSION = 4.0;
				TARGETED_DEVICE_FAMILY = "1,2";
			};
			name = Debug;
		};
		D76076C520B815FA0019E1D3 /* Release */ = {
			isa = XCBuildConfiguration;
			buildSettings = {
				ASSETCATALOG_COMPILER_APPICON_NAME = AppIcon;
				CODE_SIGN_STYLE = Automatic;
				DEVELOPMENT_TEAM = 43FVVDGE72;
				FRAMEWORK_SEARCH_PATHS = (
					"$(inherited)",
					"$(PROJECT_DIR)",
				);
				INFOPLIST_FILE = "LRConnectionExample(Swift)/Info.plist";
				IPHONEOS_DEPLOYMENT_TARGET = 8.0;
				LD_RUNPATH_SEARCH_PATHS = "$(inherited) @executable_path/Frameworks";
				PRODUCT_BUNDLE_IDENTIFIER = "io.github.tomrlq.LRConnectionExample-Swift-";
				PRODUCT_NAME = "$(TARGET_NAME)";
				SWIFT_OPTIMIZATION_LEVEL = "-Owholemodule";
				SWIFT_VERSION = 4.0;
				TARGETED_DEVICE_FAMILY = "1,2";
			};
			name = Release;
		};
		D7610CAE20A2A5220036BC44 /* Debug */ = {
			isa = XCBuildConfiguration;
			buildSettings = {
				ALWAYS_SEARCH_USER_PATHS = NO;
				CLANG_ANALYZER_NONNULL = YES;
				CLANG_ANALYZER_NUMBER_OBJECT_CONVERSION = YES_AGGRESSIVE;
				CLANG_CXX_LANGUAGE_STANDARD = "gnu++14";
				CLANG_CXX_LIBRARY = "libc++";
				CLANG_ENABLE_MODULES = YES;
				CLANG_ENABLE_OBJC_ARC = YES;
				CLANG_WARN_BLOCK_CAPTURE_AUTORELEASING = YES;
				CLANG_WARN_BOOL_CONVERSION = YES;
				CLANG_WARN_COMMA = YES;
				CLANG_WARN_CONSTANT_CONVERSION = YES;
				CLANG_WARN_DEPRECATED_OBJC_IMPLEMENTATIONS = YES;
				CLANG_WARN_DIRECT_OBJC_ISA_USAGE = YES_ERROR;
				CLANG_WARN_DOCUMENTATION_COMMENTS = YES;
				CLANG_WARN_EMPTY_BODY = YES;
				CLANG_WARN_ENUM_CONVERSION = YES;
				CLANG_WARN_INFINITE_RECURSION = YES;
				CLANG_WARN_INT_CONVERSION = YES;
				CLANG_WARN_NON_LITERAL_NULL_CONVERSION = YES;
				CLANG_WARN_OBJC_IMPLICIT_RETAIN_SELF = YES;
				CLANG_WARN_OBJC_LITERAL_CONVERSION = YES;
				CLANG_WARN_OBJC_ROOT_CLASS = YES_ERROR;
				CLANG_WARN_RANGE_LOOP_ANALYSIS = YES;
				CLANG_WARN_STRICT_PROTOTYPES = YES;
				CLANG_WARN_SUSPICIOUS_MOVE = YES;
				CLANG_WARN_UNGUARDED_AVAILABILITY = YES_AGGRESSIVE;
				CLANG_WARN_UNREACHABLE_CODE = YES;
				CLANG_WARN__DUPLICATE_METHOD_MATCH = YES;
				CODE_SIGN_IDENTITY = "iPhone Developer";
				COPY_PHASE_STRIP = NO;
				DEBUG_INFORMATION_FORMAT = dwarf;
				ENABLE_STRICT_OBJC_MSGSEND = YES;
				ENABLE_TESTABILITY = YES;
				GCC_C_LANGUAGE_STANDARD = gnu11;
				GCC_DYNAMIC_NO_PIC = NO;
				GCC_NO_COMMON_BLOCKS = YES;
				GCC_OPTIMIZATION_LEVEL = 0;
				GCC_PREPROCESSOR_DEFINITIONS = (
					"DEBUG=1",
					"$(inherited)",
				);
				GCC_WARN_64_TO_32_BIT_CONVERSION = YES;
				GCC_WARN_ABOUT_RETURN_TYPE = YES_ERROR;
				GCC_WARN_UNDECLARED_SELECTOR = YES;
				GCC_WARN_UNINITIALIZED_AUTOS = YES_AGGRESSIVE;
				GCC_WARN_UNUSED_FUNCTION = YES;
				GCC_WARN_UNUSED_VARIABLE = YES;
				IPHONEOS_DEPLOYMENT_TARGET = 8.0;
				MTL_ENABLE_DEBUG_INFO = YES;
				ONLY_ACTIVE_ARCH = YES;
				SDKROOT = iphoneos;
			};
			name = Debug;
		};
		D7610CAF20A2A5220036BC44 /* Release */ = {
			isa = XCBuildConfiguration;
			buildSettings = {
				ALWAYS_SEARCH_USER_PATHS = NO;
				CLANG_ANALYZER_NONNULL = YES;
				CLANG_ANALYZER_NUMBER_OBJECT_CONVERSION = YES_AGGRESSIVE;
				CLANG_CXX_LANGUAGE_STANDARD = "gnu++14";
				CLANG_CXX_LIBRARY = "libc++";
				CLANG_ENABLE_MODULES = YES;
				CLANG_ENABLE_OBJC_ARC = YES;
				CLANG_WARN_BLOCK_CAPTURE_AUTORELEASING = YES;
				CLANG_WARN_BOOL_CONVERSION = YES;
				CLANG_WARN_COMMA = YES;
				CLANG_WARN_CONSTANT_CONVERSION = YES;
				CLANG_WARN_DEPRECATED_OBJC_IMPLEMENTATIONS = YES;
				CLANG_WARN_DIRECT_OBJC_ISA_USAGE = YES_ERROR;
				CLANG_WARN_DOCUMENTATION_COMMENTS = YES;
				CLANG_WARN_EMPTY_BODY = YES;
				CLANG_WARN_ENUM_CONVERSION = YES;
				CLANG_WARN_INFINITE_RECURSION = YES;
				CLANG_WARN_INT_CONVERSION = YES;
				CLANG_WARN_NON_LITERAL_NULL_CONVERSION = YES;
				CLANG_WARN_OBJC_IMPLICIT_RETAIN_SELF = YES;
				CLANG_WARN_OBJC_LITERAL_CONVERSION = YES;
				CLANG_WARN_OBJC_ROOT_CLASS = YES_ERROR;
				CLANG_WARN_RANGE_LOOP_ANALYSIS = YES;
				CLANG_WARN_STRICT_PROTOTYPES = YES;
				CLANG_WARN_SUSPICIOUS_MOVE = YES;
				CLANG_WARN_UNGUARDED_AVAILABILITY = YES_AGGRESSIVE;
				CLANG_WARN_UNREACHABLE_CODE = YES;
				CLANG_WARN__DUPLICATE_METHOD_MATCH = YES;
				CODE_SIGN_IDENTITY = "iPhone Developer";
				COPY_PHASE_STRIP = NO;
				DEBUG_INFORMATION_FORMAT = "dwarf-with-dsym";
				ENABLE_NS_ASSERTIONS = NO;
				ENABLE_STRICT_OBJC_MSGSEND = YES;
				GCC_C_LANGUAGE_STANDARD = gnu11;
				GCC_NO_COMMON_BLOCKS = YES;
				GCC_WARN_64_TO_32_BIT_CONVERSION = YES;
				GCC_WARN_ABOUT_RETURN_TYPE = YES_ERROR;
				GCC_WARN_UNDECLARED_SELECTOR = YES;
				GCC_WARN_UNINITIALIZED_AUTOS = YES_AGGRESSIVE;
				GCC_WARN_UNUSED_FUNCTION = YES;
				GCC_WARN_UNUSED_VARIABLE = YES;
				IPHONEOS_DEPLOYMENT_TARGET = 8.0;
				MTL_ENABLE_DEBUG_INFO = NO;
				SDKROOT = iphoneos;
				SWIFT_COMPILATION_MODE = wholemodule;
				VALIDATE_PRODUCT = YES;
			};
			name = Release;
		};
		D7610CB120A2A5220036BC44 /* Debug */ = {
			isa = XCBuildConfiguration;
			buildSettings = {
				ASSETCATALOG_COMPILER_APPICON_NAME = AppIcon;
				CODE_SIGN_STYLE = Automatic;
				DEVELOPMENT_TEAM = 43FVVDGE72;
				FRAMEWORK_SEARCH_PATHS = (
					"$(inherited)",
					"$(PROJECT_DIR)",
				);
				INFOPLIST_FILE = "$(SRCROOT)/LRConnectionExample/Info.plist";
				LD_RUNPATH_SEARCH_PATHS = "$(inherited) @executable_path/Frameworks";
				PRODUCT_BUNDLE_IDENTIFIER = "io.github.tomrlq.LRConnectionExample-";
				PRODUCT_NAME = "$(TARGET_NAME)";
				TARGETED_DEVICE_FAMILY = "1,2";
			};
			name = Debug;
		};
		D7610CB220A2A5220036BC44 /* Release */ = {
			isa = XCBuildConfiguration;
			buildSettings = {
				ASSETCATALOG_COMPILER_APPICON_NAME = AppIcon;
				CODE_SIGN_STYLE = Automatic;
				DEVELOPMENT_TEAM = 43FVVDGE72;
				FRAMEWORK_SEARCH_PATHS = (
					"$(inherited)",
					"$(PROJECT_DIR)",
				);
				INFOPLIST_FILE = "$(SRCROOT)/LRConnectionExample/Info.plist";
				LD_RUNPATH_SEARCH_PATHS = "$(inherited) @executable_path/Frameworks";
				PRODUCT_BUNDLE_IDENTIFIER = "io.github.tomrlq.LRConnectionExample-";
				PRODUCT_NAME = "$(TARGET_NAME)";
				TARGETED_DEVICE_FAMILY = "1,2";
			};
			name = Release;
		};
/* End XCBuildConfiguration section */

/* Begin XCConfigurationList section */
		D76076C620B815FA0019E1D3 /* Build configuration list for PBXNativeTarget "LRConnectionExample(Swift)" */ = {
			isa = XCConfigurationList;
			buildConfigurations = (
				D76076C420B815FA0019E1D3 /* Debug */,
				D76076C520B815FA0019E1D3 /* Release */,
			);
			defaultConfigurationIsVisible = 0;
			defaultConfigurationName = Release;
		};
		D7610C9520A2A5220036BC44 /* Build configuration list for PBXProject "LRConnectionExample" */ = {
			isa = XCConfigurationList;
			buildConfigurations = (
				D7610CAE20A2A5220036BC44 /* Debug */,
				D7610CAF20A2A5220036BC44 /* Release */,
			);
			defaultConfigurationIsVisible = 0;
			defaultConfigurationName = Release;
		};
		D7610CB020A2A5220036BC44 /* Build configuration list for PBXNativeTarget "LRConnectionExample" */ = {
			isa = XCConfigurationList;
			buildConfigurations = (
				D7610CB120A2A5220036BC44 /* Debug */,
				D7610CB220A2A5220036BC44 /* Release */,
			);
			defaultConfigurationIsVisible = 0;
			defaultConfigurationName = Release;
		};
/* End XCConfigurationList section */
	};
	rootObject = D7610C9220A2A5220036BC44 /* Project object */;
}
