// !$*UTF8*$!
{
	archiveVersion = 1;
	classes = {
	};
	objectVersion = 48;
	objects = {

/* Begin PBXBuildFile section */
		D7610C9F20A2A5220036BC44 /* AppDelegate.m in Sources */ = {isa = PBXBuildFile; fileRef = D7610C9E20A2A5220036BC44 /* AppDelegate.m */; };
		D7610CA720A2A5220036BC44 /* Assets.xcassets in Resources */ = {isa = PBXBuildFile; fileRef = D7610CA620A2A5220036BC44 /* Assets.xcassets */; };
		D7610CAA20A2A5220036BC44 /* LaunchScreen.storyboard in Resources */ = {isa = PBXBuildFile; fileRef = D7610CA820A2A5220036BC44 /* LaunchScreen.storyboard */; };
		D7610CAD20A2A5220036BC44 /* main.m in Sources */ = {isa = PBXBuildFile; fileRef = D7610CAC20A2A5220036BC44 /* main.m */; };
		D7610CB720A2A86F0036BC44 /* Foundation.framework in Frameworks */ = {isa = PBXBuildFile; fileRef = D7610CB620A2A86F0036BC44 /* Foundation.framework */; };
		D7610CB920A2A8780036BC44 /* CoreGraphics.framework in Frameworks */ = {isa = PBXBuildFile; fileRef = D7610CB820A2A8780036BC44 /* CoreGraphics.framework */; };
		D7610CBB20A2A8810036BC44 /* UIKit.framework in Frameworks */ = {isa = PBXBuildFile; fileRef = D7610CBA20A2A8810036BC44 /* UIKit.framework */; };
		D7EC71F520A42E9400F87412 /* LRConnectionManager.m in Sources */ = {isa = PBXBuildFile; fileRef = D7EC71F420A42E9400F87412 /* LRConnectionManager.m */; };
		D7EC71F920A43D6200F87412 /* LRConnectionDataDelegate.m in Sources */ = {isa = PBXBuildFile; fileRef = D7EC71F820A43D6200F87412 /* LRConnectionDataDelegate.m */; };
/* End PBXBuildFile section */

/* Begin PBXFileReference section */
		D7610C9A20A2A5220036BC44 /* LRConnection.app */ = {isa = PBXFileReference; explicitFileType = wrapper.application; includeInIndex = 0; path = LRConnection.app; sourceTree = BUILT_PRODUCTS_DIR; };
		D7610C9D20A2A5220036BC44 /* AppDelegate.h */ = {isa = PBXFileReference; lastKnownFileType = sourcecode.c.h; path = AppDelegate.h; sourceTree = "<group>"; };
		D7610C9E20A2A5220036BC44 /* AppDelegate.m */ = {isa = PBXFileReference; lastKnownFileType = sourcecode.c.objc; path = AppDelegate.m; sourceTree = "<group>"; };
		D7610CA620A2A5220036BC44 /* Assets.xcassets */ = {isa = PBXFileReference; lastKnownFileType = folder.assetcatalog; path = Assets.xcassets; sourceTree = "<group>"; };
		D7610CA920A2A5220036BC44 /* Base */ = {isa = PBXFileReference; lastKnownFileType = file.storyboard; name = Base; path = Base.lproj/LaunchScreen.storyboard; sourceTree = "<group>"; };
		D7610CAB20A2A5220036BC44 /* Info.plist */ = {isa = PBXFileReference; lastKnownFileType = text.plist.xml; path = Info.plist; sourceTree = "<group>"; };
		D7610CAC20A2A5220036BC44 /* main.m */ = {isa = PBXFileReference; lastKnownFileType = sourcecode.c.objc; path = main.m; sourceTree = "<group>"; };
		D7610CB620A2A86F0036BC44 /* Foundation.framework */ = {isa = PBXFileReference; lastKnownFileType = wrapper.framework; name = Foundation.framework; path = System/Library/Frameworks/Foundation.framework; sourceTree = SDKROOT; };
		D7610CB820A2A8780036BC44 /* CoreGraphics.framework */ = {isa = PBXFileReference; lastKnownFileType = wrapper.framework; name = CoreGraphics.framework; path = System/Library/Frameworks/CoreGraphics.framework; sourceTree = SDKROOT; };
		D7610CBA20A2A8810036BC44 /* UIKit.framework */ = {isa = PBXFileReference; lastKnownFileType = wrapper.framework; name = UIKit.framework; path = System/Library/Frameworks/UIKit.framework; sourceTree = SDKROOT; };
		D7EC71F320A42E9400F87412 /* LRConnectionManager.h */ = {isa = PBXFileReference; lastKnownFileType = sourcecode.c.h; path = LRConnectionManager.h; sourceTree = "<group>"; };
		D7EC71F420A42E9400F87412 /* LRConnectionManager.m */ = {isa = PBXFileReference; lastKnownFileType = sourcecode.c.objc; path = LRConnectionManager.m; sourceTree = "<group>"; };
		D7EC71F720A43D6100F87412 /* LRConnectionDataDelegate.h */ = {isa = PBXFileReference; lastKnownFileType = sourcecode.c.h; path = LRConnectionDataDelegate.h; sourceTree = "<group>"; };
		D7EC71F820A43D6200F87412 /* LRConnectionDataDelegate.m */ = {isa = PBXFileReference; lastKnownFileType = sourcecode.c.objc; path = LRConnectionDataDelegate.m; sourceTree = "<group>"; };
/* End PBXFileReference section */

/* Begin PBXFrameworksBuildPhase section */
		D7610C9720A2A5220036BC44 /* Frameworks */ = {
			isa = PBXFrameworksBuildPhase;
			buildActionMask = 2147483647;
			files = (
				D7610CBB20A2A8810036BC44 /* UIKit.framework in Frameworks */,
				D7610CB920A2A8780036BC44 /* CoreGraphics.framework in Frameworks */,
				D7610CB720A2A86F0036BC44 /* Foundation.framework in Frameworks */,
			);
			runOnlyForDeploymentPostprocessing = 0;
		};
/* End PBXFrameworksBuildPhase section */

/* Begin PBXGroup section */
		D7610C9120A2A5220036BC44 = {
			isa = PBXGroup;
			children = (
				D7610C9C20A2A5220036BC44 /* LRConnection */,
				D7610CB520A2A8550036BC44 /* Frameworks */,
				D7610C9B20A2A5220036BC44 /* Products */,
			);
			sourceTree = "<group>";
		};
		D7610C9B20A2A5220036BC44 /* Products */ = {
			isa = PBXGroup;
			children = (
				D7610C9A20A2A5220036BC44 /* LRConnection.app */,
			);
			name = Products;
			sourceTree = "<group>";
		};
		D7610C9C20A2A5220036BC44 /* LRConnection */ = {
			isa = PBXGroup;
			children = (
				D7610C9D20A2A5220036BC44 /* AppDelegate.h */,
				D7610C9E20A2A5220036BC44 /* AppDelegate.m */,
				D7610CB320A2A6AA0036BC44 /* LRConnection */,
				D7610CA620A2A5220036BC44 /* Assets.xcassets */,
				D7610CB420A2A7DC0036BC44 /* Supporting Files */,
			);
			path = LRConnection;
			sourceTree = "<group>";
		};
		D7610CB320A2A6AA0036BC44 /* LRConnection */ = {
			isa = PBXGroup;
			children = (
				D7EC71F320A42E9400F87412 /* LRConnectionManager.h */,
				D7EC71F420A42E9400F87412 /* LRConnectionManager.m */,
				D7EC71F720A43D6100F87412 /* LRConnectionDataDelegate.h */,
				D7EC71F820A43D6200F87412 /* LRConnectionDataDelegate.m */,
			);
			path = LRConnection;
			sourceTree = "<group>";
		};
		D7610CB420A2A7DC0036BC44 /* Supporting Files */ = {
			isa = PBXGroup;
			children = (
				D7610CAB20A2A5220036BC44 /* Info.plist */,
				D7610CAC20A2A5220036BC44 /* main.m */,
				D7610CA820A2A5220036BC44 /* LaunchScreen.storyboard */,
			);
			name = "Supporting Files";
			sourceTree = "<group>";
		};
		D7610CB520A2A8550036BC44 /* Frameworks */ = {
			isa = PBXGroup;
			children = (
				D7610CBA20A2A8810036BC44 /* UIKit.framework */,
				D7610CB820A2A8780036BC44 /* CoreGraphics.framework */,
				D7610CB620A2A86F0036BC44 /* Foundation.framework */,
			);
			name = Frameworks;
			sourceTree = "<group>";
		};
/* End PBXGroup section */

/* Begin PBXNativeTarget section */
		D7610C9920A2A5220036BC44 /* LRConnection */ = {
			isa = PBXNativeTarget;
			buildConfigurationList = D7610CB020A2A5220036BC44 /* Build configuration list for PBXNativeTarget "LRConnection" */;
			buildPhases = (
				D7610C9620A2A5220036BC44 /* Sources */,
				D7610C9720A2A5220036BC44 /* Frameworks */,
				D7610C9820A2A5220036BC44 /* Resources */,
			);
			buildRules = (
			);
			dependencies = (
			);
			name = LRConnection;
			productName = LRConnection;
			productReference = D7610C9A20A2A5220036BC44 /* LRConnection.app */;
			productType = "com.apple.product-type.application";
		};
/* End PBXNativeTarget section */

/* Begin PBXProject section */
		D7610C9220A2A5220036BC44 /* Project object */ = {
			isa = PBXProject;
			attributes = {
				LastUpgradeCheck = 0920;
				ORGANIZATIONNAME = Suntoyo;
				TargetAttributes = {
					D7610C9920A2A5220036BC44 = {
						CreatedOnToolsVersion = 9.2;
						ProvisioningStyle = Automatic;
					};
				};
			};
			buildConfigurationList = D7610C9520A2A5220036BC44 /* Build configuration list for PBXProject "LRConnection" */;
			compatibilityVersion = "Xcode 8.0";
			developmentRegion = en;
			hasScannedForEncodings = 0;
			knownRegions = (
				en,
				Base,
			);
			mainGroup = D7610C9120A2A5220036BC44;
			productRefGroup = D7610C9B20A2A5220036BC44 /* Products */;
			projectDirPath = "";
			projectRoot = "";
			targets = (
				D7610C9920A2A5220036BC44 /* LRConnection */,
			);
		};
/* End PBXProject section */

/* Begin PBXResourcesBuildPhase section */
		D7610C9820A2A5220036BC44 /* Resources */ = {
			isa = PBXResourcesBuildPhase;
			buildActionMask = 2147483647;
			files = (
				D7610CAA20A2A5220036BC44 /* LaunchScreen.storyboard in Resources */,
				D7610CA720A2A5220036BC44 /* Assets.xcassets in Resources */,
			);
			runOnlyForDeploymentPostprocessing = 0;
		};
/* End PBXResourcesBuildPhase section */

/* Begin PBXSourcesBuildPhase section */
		D7610C9620A2A5220036BC44 /* Sources */ = {
			isa = PBXSourcesBuildPhase;
			buildActionMask = 2147483647;
			files = (
				D7610CAD20A2A5220036BC44 /* main.m in Sources */,
				D7EC71F920A43D6200F87412 /* LRConnectionDataDelegate.m in Sources */,
				D7EC71F520A42E9400F87412 /* LRConnectionManager.m in Sources */,
				D7610C9F20A2A5220036BC44 /* AppDelegate.m in Sources */,
			);
			runOnlyForDeploymentPostprocessing = 0;
		};
/* End PBXSourcesBuildPhase section */

/* Begin PBXVariantGroup section */
		D7610CA820A2A5220036BC44 /* LaunchScreen.storyboard */ = {
			isa = PBXVariantGroup;
			children = (
				D7610CA920A2A5220036BC44 /* Base */,
			);
			name = LaunchScreen.storyboard;
			sourceTree = "<group>";
		};
/* End PBXVariantGroup section */

/* Begin XCBuildConfiguration section */
		D7610CAE20A2A5220036BC44 /* Debug */ = {
			isa = XCBuildConfiguration;
			buildSettings = {
				ALWAYS_SEARCH_USER_PATHS = NO;
				CLANG_ANALYZER_NONNULL = YES;
				CLANG_ANALYZER_NUMBER_OBJECT_CONVERSION = YES_AGGRESSIVE;
				CLANG_CXX_LANGUAGE_STANDARD = "gnu++14";
				CLANG_CXX_LIBRARY = "libc++";
				CLANG_ENABLE_MODULES = YES;
				CLANG_ENABLE_OBJC_ARC = YES;
				CLANG_WARN_BLOCK_CAPTURE_AUTORELEASING = YES;
				CLANG_WARN_BOOL_CONVERSION = YES;
				CLANG_WARN_COMMA = YES;
				CLANG_WARN_CONSTANT_CONVERSION = YES;
				CLANG_WARN_DIRECT_OBJC_ISA_USAGE = YES_ERROR;
				CLANG_WARN_DOCUMENTATION_COMMENTS = YES;
				CLANG_WARN_EMPTY_BODY = YES;
				CLANG_WARN_ENUM_CONVERSION = YES;
				CLANG_WARN_INFINITE_RECURSION = YES;
				CLANG_WARN_INT_CONVERSION = YES;
				CLANG_WARN_NON_LITERAL_NULL_CONVERSION = YES;
				CLANG_WARN_OBJC_LITERAL_CONVERSION = YES;
				CLANG_WARN_OBJC_ROOT_CLASS = YES_ERROR;
				CLANG_WARN_RANGE_LOOP_ANALYSIS = YES;
				CLANG_WARN_STRICT_PROTOTYPES = YES;
				CLANG_WARN_SUSPICIOUS_MOVE = YES;
				CLANG_WARN_UNGUARDED_AVAILABILITY = YES_AGGRESSIVE;
				CLANG_WARN_UNREACHABLE_CODE = YES;
				CLANG_WARN__DUPLICATE_METHOD_MATCH = YES;
				CODE_SIGN_IDENTITY = "iPhone Developer";
				COPY_PHASE_STRIP = NO;
				DEBUG_INFORMATION_FORMAT = dwarf;
				ENABLE_STRICT_OBJC_MSGSEND = YES;
				ENABLE_TESTABILITY = YES;
				GCC_C_LANGUAGE_STANDARD = gnu11;
				GCC_DYNAMIC_NO_PIC = NO;
				GCC_NO_COMMON_BLOCKS = YES;
				GCC_OPTIMIZATION_LEVEL = 0;
				GCC_PREPROCESSOR_DEFINITIONS = (
					"DEBUG=1",
					"$(inherited)",
				);
				GCC_WARN_64_TO_32_BIT_CONVERSION = YES;
				GCC_WARN_ABOUT_RETURN_TYPE = YES_ERROR;
				GCC_WARN_UNDECLARED_SELECTOR = YES;
				GCC_WARN_UNINITIALIZED_AUTOS = YES_AGGRESSIVE;
				GCC_WARN_UNUSED_FUNCTION = YES;
				GCC_WARN_UNUSED_VARIABLE = YES;
				IPHONEOS_DEPLOYMENT_TARGET = 8.0;
				MTL_ENABLE_DEBUG_INFO = YES;
				ONLY_ACTIVE_ARCH = YES;
				SDKROOT = iphoneos;
			};
			name = Debug;
		};
		D7610CAF20A2A5220036BC44 /* Release */ = {
			isa = XCBuildConfiguration;
			buildSettings = {
				ALWAYS_SEARCH_USER_PATHS = NO;
				CLANG_ANALYZER_NONNULL = YES;
				CLANG_ANALYZER_NUMBER_OBJECT_CONVERSION = YES_AGGRESSIVE;
				CLANG_CXX_LANGUAGE_STANDARD = "gnu++14";
				CLANG_CXX_LIBRARY = "libc++";
				CLANG_ENABLE_MODULES = YES;
				CLANG_ENABLE_OBJC_ARC = YES;
				CLANG_WARN_BLOCK_CAPTURE_AUTORELEASING = YES;
				CLANG_WARN_BOOL_CONVERSION = YES;
				CLANG_WARN_COMMA = YES;
				CLANG_WARN_CONSTANT_CONVERSION = YES;
				CLANG_WARN_DIRECT_OBJC_ISA_USAGE = YES_ERROR;
				CLANG_WARN_DOCUMENTATION_COMMENTS = YES;
				CLANG_WARN_EMPTY_BODY = YES;
				CLANG_WARN_ENUM_CONVERSION = YES;
				CLANG_WARN_INFINITE_RECURSION = YES;
				CLANG_WARN_INT_CONVERSION = YES;
				CLANG_WARN_NON_LITERAL_NULL_CONVERSION = YES;
				CLANG_WARN_OBJC_LITERAL_CONVERSION = YES;
				CLANG_WARN_OBJC_ROOT_CLASS = YES_ERROR;
				CLANG_WARN_RANGE_LOOP_ANALYSIS = YES;
				CLANG_WARN_STRICT_PROTOTYPES = YES;
				CLANG_WARN_SUSPICIOUS_MOVE = YES;
				CLANG_WARN_UNGUARDED_AVAILABILITY = YES_AGGRESSIVE;
				CLANG_WARN_UNREACHABLE_CODE = YES;
				CLANG_WARN__DUPLICATE_METHOD_MATCH = YES;
				CODE_SIGN_IDENTITY = "iPhone Developer";
				COPY_PHASE_STRIP = NO;
				DEBUG_INFORMATION_FORMAT = "dwarf-with-dsym";
				ENABLE_NS_ASSERTIONS = NO;
				ENABLE_STRICT_OBJC_MSGSEND = YES;
				GCC_C_LANGUAGE_STANDARD = gnu11;
				GCC_NO_COMMON_BLOCKS = YES;
				GCC_WARN_64_TO_32_BIT_CONVERSION = YES;
				GCC_WARN_ABOUT_RETURN_TYPE = YES_ERROR;
				GCC_WARN_UNDECLARED_SELECTOR = YES;
				GCC_WARN_UNINITIALIZED_AUTOS = YES_AGGRESSIVE;
				GCC_WARN_UNUSED_FUNCTION = YES;
				GCC_WARN_UNUSED_VARIABLE = YES;
				IPHONEOS_DEPLOYMENT_TARGET = 8.0;
				MTL_ENABLE_DEBUG_INFO = NO;
				SDKROOT = iphoneos;
				VALIDATE_PRODUCT = YES;
			};
			name = Release;
		};
		D7610CB120A2A5220036BC44 /* Debug */ = {
			isa = XCBuildConfiguration;
			buildSettings = {
				ASSETCATALOG_COMPILER_APPICON_NAME = AppIcon;
				CODE_SIGN_STYLE = Automatic;
				DEVELOPMENT_TEAM = 43FVVDGE72;
				INFOPLIST_FILE = LRConnection/Info.plist;
				LD_RUNPATH_SEARCH_PATHS = "$(inherited) @executable_path/Frameworks";
				PRODUCT_BUNDLE_IDENTIFIER = sg.com.suntoyo.LRConnection;
				PRODUCT_NAME = "$(TARGET_NAME)";
				TARGETED_DEVICE_FAMILY = "1,2";
			};
			name = Debug;
		};
		D7610CB220A2A5220036BC44 /* Release */ = {
			isa = XCBuildConfiguration;
			buildSettings = {
				ASSETCATALOG_COMPILER_APPICON_NAME = AppIcon;
				CODE_SIGN_STYLE = Automatic;
				DEVELOPMENT_TEAM = 43FVVDGE72;
				INFOPLIST_FILE = LRConnection/Info.plist;
				LD_RUNPATH_SEARCH_PATHS = "$(inherited) @executable_path/Frameworks";
				PRODUCT_BUNDLE_IDENTIFIER = sg.com.suntoyo.LRConnection;
				PRODUCT_NAME = "$(TARGET_NAME)";
				TARGETED_DEVICE_FAMILY = "1,2";
			};
			name = Release;
		};
/* End XCBuildConfiguration section */

/* Begin XCConfigurationList section */
		D7610C9520A2A5220036BC44 /* Build configuration list for PBXProject "LRConnection" */ = {
			isa = XCConfigurationList;
			buildConfigurations = (
				D7610CAE20A2A5220036BC44 /* Debug */,
				D7610CAF20A2A5220036BC44 /* Release */,
			);
			defaultConfigurationIsVisible = 0;
			defaultConfigurationName = Release;
		};
		D7610CB020A2A5220036BC44 /* Build configuration list for PBXNativeTarget "LRConnection" */ = {
			isa = XCConfigurationList;
			buildConfigurations = (
				D7610CB120A2A5220036BC44 /* Debug */,
				D7610CB220A2A5220036BC44 /* Release */,
			);
			defaultConfigurationIsVisible = 0;
			defaultConfigurationName = Release;
		};
/* End XCConfigurationList section */
	};
	rootObject = D7610C9220A2A5220036BC44 /* Project object */;
}
